{
    "jean85/pretty-package-versions": {
        "version": "1.5.1"
    },
    "jwadhams/json-logic-php": {
        "version": "1.4.1"
    },
    "php": {
        "version": "7.3"
    },
    "symfony/deprecation-contracts": {
        "version": "v2.2.0"
    },
    "symfony/inflector": {
        "version": "v5.0.11"
    },
    "symfony/mime": {
        "version": "v5.0.11"
    },
    "symfony/polyfill-intl-normalizer": {
        "version": "v1.18.1"
    },
    "symfony/polyfill-php80": {
        "version": "v1.18.1"
    },
    "syno/cint": {
        "version": "0.12.6"
    },
    "webimpress/safe-writer": {
        "version": "2.1.0"
    }
}
